// !$*UTF8*$!
{
	archiveVersion = 1;
	classes = {
	};
	objectVersion = 50;
	objects = {

/* Begin PBXBuildFile section */
		A8A67696CEF03C8740D1CB86 /* Pods_studiosol_SSBOOK.framework in Frameworks */ = {isa = PBXBuildFile; fileRef = DE1D7E1A80924646410CA44B /* Pods_studiosol_SSBOOK.framework */; };
		D864DC47290AB98700A53CB0 /* HomeViewController.swift in Sources */ = {isa = PBXBuildFile; fileRef = D864DC46290AB98700A53CB0 /* HomeViewController.swift */; };
		D864DC63290AF2EB00A53CB0 /* Roboto-LightItalic.ttf in Resources */ = {isa = PBXBuildFile; fileRef = D864DC56290AF2EA00A53CB0 /* Roboto-LightItalic.ttf */; };
		D864DC64290AF2EB00A53CB0 /* Roboto-Light.ttf in Resources */ = {isa = PBXBuildFile; fileRef = D864DC57290AF2EA00A53CB0 /* Roboto-Light.ttf */; };
		D864DC65290AF2EB00A53CB0 /* Roboto-MediumItalic.ttf in Resources */ = {isa = PBXBuildFile; fileRef = D864DC58290AF2EA00A53CB0 /* Roboto-MediumItalic.ttf */; };
		D864DC66290AF2EB00A53CB0 /* Roboto-BlackItalic.ttf in Resources */ = {isa = PBXBuildFile; fileRef = D864DC59290AF2EA00A53CB0 /* Roboto-BlackItalic.ttf */; };
		D864DC67290AF2EB00A53CB0 /* bebas-neue-regular.otf in Resources */ = {isa = PBXBuildFile; fileRef = D864DC5A290AF2EA00A53CB0 /* bebas-neue-regular.otf */; };
		D864DC68290AF2EB00A53CB0 /* Roboto-BoldItalic.ttf in Resources */ = {isa = PBXBuildFile; fileRef = D864DC5B290AF2EA00A53CB0 /* Roboto-BoldItalic.ttf */; };
		D864DC69290AF2EB00A53CB0 /* Roboto-ThinItalic.ttf in Resources */ = {isa = PBXBuildFile; fileRef = D864DC5C290AF2EA00A53CB0 /* Roboto-ThinItalic.ttf */; };
		D864DC6A290AF2EB00A53CB0 /* Roboto-Medium.ttf in Resources */ = {isa = PBXBuildFile; fileRef = D864DC5D290AF2EB00A53CB0 /* Roboto-Medium.ttf */; };
		D864DC6B290AF2EB00A53CB0 /* Roboto-Thin.ttf in Resources */ = {isa = PBXBuildFile; fileRef = D864DC5E290AF2EB00A53CB0 /* Roboto-Thin.ttf */; };
		D864DC6C290AF2EB00A53CB0 /* Roboto-Regular.ttf in Resources */ = {isa = PBXBuildFile; fileRef = D864DC5F290AF2EB00A53CB0 /* Roboto-Regular.ttf */; };
		D864DC6D290AF2EB00A53CB0 /* Roboto-Bold.ttf in Resources */ = {isa = PBXBuildFile; fileRef = D864DC60290AF2EB00A53CB0 /* Roboto-Bold.ttf */; };
		D864DC6E290AF2EB00A53CB0 /* Roboto-Black.ttf in Resources */ = {isa = PBXBuildFile; fileRef = D864DC61290AF2EB00A53CB0 /* Roboto-Black.ttf */; };
		D864DC6F290AF2EB00A53CB0 /* Roboto-Italic.ttf in Resources */ = {isa = PBXBuildFile; fileRef = D864DC62290AF2EB00A53CB0 /* Roboto-Italic.ttf */; };
		D8B5C5B7290710DE00F70FEB /* AppDelegate.swift in Sources */ = {isa = PBXBuildFile; fileRef = D8B5C5B6290710DE00F70FEB /* AppDelegate.swift */; };
		D8B5C5B9290710DE00F70FEB /* SceneDelegate.swift in Sources */ = {isa = PBXBuildFile; fileRef = D8B5C5B8290710DE00F70FEB /* SceneDelegate.swift */; };
		D8B5C5BB290710DE00F70FEB /* ViewController.swift in Sources */ = {isa = PBXBuildFile; fileRef = D8B5C5BA290710DE00F70FEB /* ViewController.swift */; };
		D8B5C5BE290710DE00F70FEB /* Main.storyboard in Resources */ = {isa = PBXBuildFile; fileRef = D8B5C5BC290710DE00F70FEB /* Main.storyboard */; };
		D8B5C5C0290710E000F70FEB /* Assets.xcassets in Resources */ = {isa = PBXBuildFile; fileRef = D8B5C5BF290710E000F70FEB /* Assets.xcassets */; };
		D8B5C5C3290710E000F70FEB /* LaunchScreen.storyboard in Resources */ = {isa = PBXBuildFile; fileRef = D8B5C5C1290710E000F70FEB /* LaunchScreen.storyboard */; };
/* End PBXBuildFile section */

/* Begin PBXFileReference section */
		0622D841774A5087EB5775B1 /* Pods-studiosol-SSBOOK.release.xcconfig */ = {isa = PBXFileReference; includeInIndex = 1; lastKnownFileType = text.xcconfig; name = "Pods-studiosol-SSBOOK.release.xcconfig"; path = "Target Support Files/Pods-studiosol-SSBOOK/Pods-studiosol-SSBOOK.release.xcconfig"; sourceTree = "<group>"; };
		B5540330485B81FB15D206BA /* Pods-studiosol-SSBOOK.debug.xcconfig */ = {isa = PBXFileReference; includeInIndex = 1; lastKnownFileType = text.xcconfig; name = "Pods-studiosol-SSBOOK.debug.xcconfig"; path = "Target Support Files/Pods-studiosol-SSBOOK/Pods-studiosol-SSBOOK.debug.xcconfig"; sourceTree = "<group>"; };
		D864DC46290AB98700A53CB0 /* HomeViewController.swift */ = {isa = PBXFileReference; lastKnownFileType = sourcecode.swift; path = HomeViewController.swift; sourceTree = "<group>"; };
		D864DC56290AF2EA00A53CB0 /* Roboto-LightItalic.ttf */ = {isa = PBXFileReference; lastKnownFileType = file; path = "Roboto-LightItalic.ttf"; sourceTree = "<group>"; };
		D864DC57290AF2EA00A53CB0 /* Roboto-Light.ttf */ = {isa = PBXFileReference; lastKnownFileType = file; path = "Roboto-Light.ttf"; sourceTree = "<group>"; };
		D864DC58290AF2EA00A53CB0 /* Roboto-MediumItalic.ttf */ = {isa = PBXFileReference; lastKnownFileType = file; path = "Roboto-MediumItalic.ttf"; sourceTree = "<group>"; };
		D864DC59290AF2EA00A53CB0 /* Roboto-BlackItalic.ttf */ = {isa = PBXFileReference; lastKnownFileType = file; path = "Roboto-BlackItalic.ttf"; sourceTree = "<group>"; };
		D864DC5A290AF2EA00A53CB0 /* bebas-neue-regular.otf */ = {isa = PBXFileReference; lastKnownFileType = file; path = "bebas-neue-regular.otf"; sourceTree = "<group>"; };
		D864DC5B290AF2EA00A53CB0 /* Roboto-BoldItalic.ttf */ = {isa = PBXFileReference; lastKnownFileType = file; path = "Roboto-BoldItalic.ttf"; sourceTree = "<group>"; };
		D864DC5C290AF2EA00A53CB0 /* Roboto-ThinItalic.ttf */ = {isa = PBXFileReference; lastKnownFileType = file; path = "Roboto-ThinItalic.ttf"; sourceTree = "<group>"; };
		D864DC5D290AF2EB00A53CB0 /* Roboto-Medium.ttf */ = {isa = PBXFileReference; lastKnownFileType = file; path = "Roboto-Medium.ttf"; sourceTree = "<group>"; };
		D864DC5E290AF2EB00A53CB0 /* Roboto-Thin.ttf */ = {isa = PBXFileReference; lastKnownFileType = file; path = "Roboto-Thin.ttf"; sourceTree = "<group>"; };
		D864DC5F290AF2EB00A53CB0 /* Roboto-Regular.ttf */ = {isa = PBXFileReference; lastKnownFileType = file; path = "Roboto-Regular.ttf"; sourceTree = "<group>"; };
		D864DC60290AF2EB00A53CB0 /* Roboto-Bold.ttf */ = {isa = PBXFileReference; lastKnownFileType = file; path = "Roboto-Bold.ttf"; sourceTree = "<group>"; };
		D864DC61290AF2EB00A53CB0 /* Roboto-Black.ttf */ = {isa = PBXFileReference; lastKnownFileType = file; path = "Roboto-Black.ttf"; sourceTree = "<group>"; };
		D864DC62290AF2EB00A53CB0 /* Roboto-Italic.ttf */ = {isa = PBXFileReference; lastKnownFileType = file; path = "Roboto-Italic.ttf"; sourceTree = "<group>"; };
		D8B5C5B3290710DE00F70FEB /* studiosol-SSBOOK.app */ = {isa = PBXFileReference; explicitFileType = wrapper.application; includeInIndex = 0; path = "studiosol-SSBOOK.app"; sourceTree = BUILT_PRODUCTS_DIR; };
		D8B5C5B6290710DE00F70FEB /* AppDelegate.swift */ = {isa = PBXFileReference; lastKnownFileType = sourcecode.swift; path = AppDelegate.swift; sourceTree = "<group>"; };
		D8B5C5B8290710DE00F70FEB /* SceneDelegate.swift */ = {isa = PBXFileReference; lastKnownFileType = sourcecode.swift; path = SceneDelegate.swift; sourceTree = "<group>"; };
		D8B5C5BA290710DE00F70FEB /* ViewController.swift */ = {isa = PBXFileReference; lastKnownFileType = sourcecode.swift; path = ViewController.swift; sourceTree = "<group>"; };
		D8B5C5BD290710DE00F70FEB /* Base */ = {isa = PBXFileReference; lastKnownFileType = file.storyboard; name = Base; path = Base.lproj/Main.storyboard; sourceTree = "<group>"; };
		D8B5C5BF290710E000F70FEB /* Assets.xcassets */ = {isa = PBXFileReference; lastKnownFileType = folder.assetcatalog; path = Assets.xcassets; sourceTree = "<group>"; };
		D8B5C5C2290710E000F70FEB /* Base */ = {isa = PBXFileReference; lastKnownFileType = file.storyboard; name = Base; path = Base.lproj/LaunchScreen.storyboard; sourceTree = "<group>"; };
		D8B5C5C4290710E000F70FEB /* Info.plist */ = {isa = PBXFileReference; lastKnownFileType = text.plist.xml; path = Info.plist; sourceTree = "<group>"; };
		DE1D7E1A80924646410CA44B /* Pods_studiosol_SSBOOK.framework */ = {isa = PBXFileReference; explicitFileType = wrapper.framework; includeInIndex = 0; path = Pods_studiosol_SSBOOK.framework; sourceTree = BUILT_PRODUCTS_DIR; };
/* End PBXFileReference section */

/* Begin PBXFrameworksBuildPhase section */
		D8B5C5B0290710DE00F70FEB /* Frameworks */ = {
			isa = PBXFrameworksBuildPhase;
			buildActionMask = 2147483647;
			files = (
				A8A67696CEF03C8740D1CB86 /* Pods_studiosol_SSBOOK.framework in Frameworks */,
			);
			runOnlyForDeploymentPostprocessing = 0;
		};
/* End PBXFrameworksBuildPhase section */

/* Begin PBXGroup section */
		989F5134B0386407BFB2741D /* Frameworks */ = {
			isa = PBXGroup;
			children = (
				DE1D7E1A80924646410CA44B /* Pods_studiosol_SSBOOK.framework */,
			);
			name = Frameworks;
			sourceTree = "<group>";
		};
		A0838FB338CF88EFD98B0434 /* Pods */ = {
			isa = PBXGroup;
			children = (
				B5540330485B81FB15D206BA /* Pods-studiosol-SSBOOK.debug.xcconfig */,
				0622D841774A5087EB5775B1 /* Pods-studiosol-SSBOOK.release.xcconfig */,
			);
			path = Pods;
			sourceTree = "<group>";
		};
		D864DC48290AE8F300A53CB0 /* fonts */ = {
			isa = PBXGroup;
			children = (
				D864DC5A290AF2EA00A53CB0 /* bebas-neue-regular.otf */,
				D864DC61290AF2EB00A53CB0 /* Roboto-Black.ttf */,
				D864DC59290AF2EA00A53CB0 /* Roboto-BlackItalic.ttf */,
				D864DC60290AF2EB00A53CB0 /* Roboto-Bold.ttf */,
				D864DC5B290AF2EA00A53CB0 /* Roboto-BoldItalic.ttf */,
				D864DC62290AF2EB00A53CB0 /* Roboto-Italic.ttf */,
				D864DC57290AF2EA00A53CB0 /* Roboto-Light.ttf */,
				D864DC56290AF2EA00A53CB0 /* Roboto-LightItalic.ttf */,
				D864DC5D290AF2EB00A53CB0 /* Roboto-Medium.ttf */,
				D864DC58290AF2EA00A53CB0 /* Roboto-MediumItalic.ttf */,
				D864DC5F290AF2EB00A53CB0 /* Roboto-Regular.ttf */,
				D864DC5E290AF2EB00A53CB0 /* Roboto-Thin.ttf */,
				D864DC5C290AF2EA00A53CB0 /* Roboto-ThinItalic.ttf */,
			);
			path = fonts;
			sourceTree = "<group>";
		};
		D8B5C5AA290710DD00F70FEB = {
			isa = PBXGroup;
			children = (
				D8B5C5B5290710DE00F70FEB /* studiosol-SSBOOK */,
				D8B5C5B4290710DE00F70FEB /* Products */,
				A0838FB338CF88EFD98B0434 /* Pods */,
				989F5134B0386407BFB2741D /* Frameworks */,
			);
			sourceTree = "<group>";
		};
		D8B5C5B4290710DE00F70FEB /* Products */ = {
			isa = PBXGroup;
			children = (
				D8B5C5B3290710DE00F70FEB /* studiosol-SSBOOK.app */,
			);
			name = Products;
			sourceTree = "<group>";
		};
		D8B5C5B5290710DE00F70FEB /* studiosol-SSBOOK */ = {
			isa = PBXGroup;
			children = (
				D864DC48290AE8F300A53CB0 /* fonts */,
				D8B5C5B6290710DE00F70FEB /* AppDelegate.swift */,
				D8B5C5B8290710DE00F70FEB /* SceneDelegate.swift */,
				D8B5C5BA290710DE00F70FEB /* ViewController.swift */,
				D8B5C5BC290710DE00F70FEB /* Main.storyboard */,
				D8B5C5BF290710E000F70FEB /* Assets.xcassets */,
				D8B5C5C1290710E000F70FEB /* LaunchScreen.storyboard */,
				D8B5C5C4290710E000F70FEB /* Info.plist */,
				D864DC46290AB98700A53CB0 /* HomeViewController.swift */,
			);
			path = "studiosol-SSBOOK";
			sourceTree = "<group>";
		};
/* End PBXGroup section */

/* Begin PBXNativeTarget section */
		D8B5C5B2290710DE00F70FEB /* studiosol-SSBOOK */ = {
			isa = PBXNativeTarget;
			buildConfigurationList = D8B5C5C7290710E000F70FEB /* Build configuration list for PBXNativeTarget "studiosol-SSBOOK" */;
			buildPhases = (
				9E9DF8EDF974483E92B84675 /* [CP] Check Pods Manifest.lock */,
				D8B5C5AF290710DE00F70FEB /* Sources */,
				D8B5C5B0290710DE00F70FEB /* Frameworks */,
				D8B5C5B1290710DE00F70FEB /* Resources */,
			);
			buildRules = (
			);
			dependencies = (
			);
			name = "studiosol-SSBOOK";
			productName = "studiosol-SSBOOK";
			productReference = D8B5C5B3290710DE00F70FEB /* studiosol-SSBOOK.app */;
			productType = "com.apple.product-type.application";
		};
/* End PBXNativeTarget section */

/* Begin PBXProject section */
		D8B5C5AB290710DD00F70FEB /* Project object */ = {
			isa = PBXProject;
			attributes = {
				LastSwiftUpdateCheck = 1250;
				LastUpgradeCheck = 1250;
				TargetAttributes = {
					D8B5C5B2290710DE00F70FEB = {
						CreatedOnToolsVersion = 12.5.1;
					};
				};
			};
			buildConfigurationList = D8B5C5AE290710DD00F70FEB /* Build configuration list for PBXProject "studiosol-SSBOOK" */;
			compatibilityVersion = "Xcode 9.3";
			developmentRegion = en;
			hasScannedForEncodings = 0;
			knownRegions = (
				en,
				Base,
			);
			mainGroup = D8B5C5AA290710DD00F70FEB;
			productRefGroup = D8B5C5B4290710DE00F70FEB /* Products */;
			projectDirPath = "";
			projectRoot = "";
			targets = (
				D8B5C5B2290710DE00F70FEB /* studiosol-SSBOOK */,
			);
		};
/* End PBXProject section */

/* Begin PBXResourcesBuildPhase section */
		D8B5C5B1290710DE00F70FEB /* Resources */ = {
			isa = PBXResourcesBuildPhase;
			buildActionMask = 2147483647;
			files = (
				D864DC6D290AF2EB00A53CB0 /* Roboto-Bold.ttf in Resources */,
				D864DC69290AF2EB00A53CB0 /* Roboto-ThinItalic.ttf in Resources */,
				D864DC6E290AF2EB00A53CB0 /* Roboto-Black.ttf in Resources */,
				D864DC68290AF2EB00A53CB0 /* Roboto-BoldItalic.ttf in Resources */,
				D8B5C5C3290710E000F70FEB /* LaunchScreen.storyboard in Resources */,
				D864DC6F290AF2EB00A53CB0 /* Roboto-Italic.ttf in Resources */,
				D8B5C5C0290710E000F70FEB /* Assets.xcassets in Resources */,
				D864DC64290AF2EB00A53CB0 /* Roboto-Light.ttf in Resources */,
				D864DC67290AF2EB00A53CB0 /* bebas-neue-regular.otf in Resources */,
				D864DC66290AF2EB00A53CB0 /* Roboto-BlackItalic.ttf in Resources */,
				D864DC63290AF2EB00A53CB0 /* Roboto-LightItalic.ttf in Resources */,
				D864DC6B290AF2EB00A53CB0 /* Roboto-Thin.ttf in Resources */,
				D864DC6A290AF2EB00A53CB0 /* Roboto-Medium.ttf in Resources */,
				D864DC6C290AF2EB00A53CB0 /* Roboto-Regular.ttf in Resources */,
				D864DC65290AF2EB00A53CB0 /* Roboto-MediumItalic.ttf in Resources */,
				D8B5C5BE290710DE00F70FEB /* Main.storyboard in Resources */,
			);
			runOnlyForDeploymentPostprocessing = 0;
		};
/* End PBXResourcesBuildPhase section */

/* Begin PBXShellScriptBuildPhase section */
		9E9DF8EDF974483E92B84675 /* [CP] Check Pods Manifest.lock */ = {
			isa = PBXShellScriptBuildPhase;
			buildActionMask = 2147483647;
			files = (
			);
			inputFileListPaths = (
			);
			inputPaths = (
				"${PODS_PODFILE_DIR_PATH}/Podfile.lock",
				"${PODS_ROOT}/Manifest.lock",
			);
			name = "[CP] Check Pods Manifest.lock";
			outputFileListPaths = (
			);
			outputPaths = (
				"$(DERIVED_FILE_DIR)/Pods-studiosol-SSBOOK-checkManifestLockResult.txt",
			);
			runOnlyForDeploymentPostprocessing = 0;
			shellPath = /bin/sh;
			shellScript = "diff \"${PODS_PODFILE_DIR_PATH}/Podfile.lock\" \"${PODS_ROOT}/Manifest.lock\" > /dev/null\nif [ $? != 0 ] ; then\n    # print error to STDERR\n    echo \"error: The sandbox is not in sync with the Podfile.lock. Run 'pod install' or update your CocoaPods installation.\" >&2\n    exit 1\nfi\n# This output is used by Xcode 'outputs' to avoid re-running this script phase.\necho \"SUCCESS\" > \"${SCRIPT_OUTPUT_FILE_0}\"\n";
			showEnvVarsInLog = 0;
		};
/* End PBXShellScriptBuildPhase section */

/* Begin PBXSourcesBuildPhase section */
		D8B5C5AF290710DE00F70FEB /* Sources */ = {
			isa = PBXSourcesBuildPhase;
			buildActionMask = 2147483647;
			files = (
				D8B5C5BB290710DE00F70FEB /* ViewController.swift in Sources */,
				D8B5C5B7290710DE00F70FEB /* AppDelegate.swift in Sources */,
				D8B5C5B9290710DE00F70FEB /* SceneDelegate.swift in Sources */,
				D864DC47290AB98700A53CB0 /* HomeViewController.swift in Sources */,
			);
			runOnlyForDeploymentPostprocessing = 0;
		};
/* End PBXSourcesBuildPhase section */

/* Begin PBXVariantGroup section */
		D8B5C5BC290710DE00F70FEB /* Main.storyboard */ = {
			isa = PBXVariantGroup;
			children = (
				D8B5C5BD290710DE00F70FEB /* Base */,
			);
			name = Main.storyboard;
			sourceTree = "<group>";
		};
		D8B5C5C1290710E000F70FEB /* LaunchScreen.storyboard */ = {
			isa = PBXVariantGroup;
			children = (
				D8B5C5C2290710E000F70FEB /* Base */,
			);
			name = LaunchScreen.storyboard;
			sourceTree = "<group>";
		};
/* End PBXVariantGroup section */

/* Begin XCBuildConfiguration section */
		D8B5C5C5290710E000F70FEB /* Debug */ = {
			isa = XCBuildConfiguration;
			buildSettings = {
				ALWAYS_SEARCH_USER_PATHS = NO;
				CLANG_ANALYZER_NONNULL = YES;
				CLANG_ANALYZER_NUMBER_OBJECT_CONVERSION = YES_AGGRESSIVE;
				CLANG_CXX_LANGUAGE_STANDARD = "gnu++14";
				CLANG_CXX_LIBRARY = "libc++";
				CLANG_ENABLE_MODULES = YES;
				CLANG_ENABLE_OBJC_ARC = YES;
				CLANG_ENABLE_OBJC_WEAK = YES;
				CLANG_WARN_BLOCK_CAPTURE_AUTORELEASING = YES;
				CLANG_WARN_BOOL_CONVERSION = YES;
				CLANG_WARN_COMMA = YES;
				CLANG_WARN_CONSTANT_CONVERSION = YES;
				CLANG_WARN_DEPRECATED_OBJC_IMPLEMENTATIONS = YES;
				CLANG_WARN_DIRECT_OBJC_ISA_USAGE = YES_ERROR;
				CLANG_WARN_DOCUMENTATION_COMMENTS = YES;
				CLANG_WARN_EMPTY_BODY = YES;
				CLANG_WARN_ENUM_CONVERSION = YES;
				CLANG_WARN_INFINITE_RECURSION = YES;
				CLANG_WARN_INT_CONVERSION = YES;
				CLANG_WARN_NON_LITERAL_NULL_CONVERSION = YES;
				CLANG_WARN_OBJC_IMPLICIT_RETAIN_SELF = YES;
				CLANG_WARN_OBJC_LITERAL_CONVERSION = YES;
				CLANG_WARN_OBJC_ROOT_CLASS = YES_ERROR;
				CLANG_WARN_QUOTED_INCLUDE_IN_FRAMEWORK_HEADER = YES;
				CLANG_WARN_RANGE_LOOP_ANALYSIS = YES;
				CLANG_WARN_STRICT_PROTOTYPES = YES;
				CLANG_WARN_SUSPICIOUS_MOVE = YES;
				CLANG_WARN_UNGUARDED_AVAILABILITY = YES_AGGRESSIVE;
				CLANG_WARN_UNREACHABLE_CODE = YES;
				CLANG_WARN__DUPLICATE_METHOD_MATCH = YES;
				COPY_PHASE_STRIP = NO;
				DEBUG_INFORMATION_FORMAT = dwarf;
				ENABLE_STRICT_OBJC_MSGSEND = YES;
				ENABLE_TESTABILITY = YES;
				GCC_C_LANGUAGE_STANDARD = gnu11;
				GCC_DYNAMIC_NO_PIC = NO;
				GCC_NO_COMMON_BLOCKS = YES;
				GCC_OPTIMIZATION_LEVEL = 0;
				GCC_PREPROCESSOR_DEFINITIONS = (
					"DEBUG=1",
					"$(inherited)",
				);
				GCC_WARN_64_TO_32_BIT_CONVERSION = YES;
				GCC_WARN_ABOUT_RETURN_TYPE = YES_ERROR;
				GCC_WARN_UNDECLARED_SELECTOR = YES;
				GCC_WARN_UNINITIALIZED_AUTOS = YES_AGGRESSIVE;
				GCC_WARN_UNUSED_FUNCTION = YES;
				GCC_WARN_UNUSED_VARIABLE = YES;
				IPHONEOS_DEPLOYMENT_TARGET = 14.5;
				MTL_ENABLE_DEBUG_INFO = INCLUDE_SOURCE;
				MTL_FAST_MATH = YES;
				ONLY_ACTIVE_ARCH = YES;
				SDKROOT = iphoneos;
				SWIFT_ACTIVE_COMPILATION_CONDITIONS = DEBUG;
				SWIFT_OPTIMIZATION_LEVEL = "-Onone";
			};
			name = Debug;
		};
		D8B5C5C6290710E000F70FEB /* Release */ = {
			isa = XCBuildConfiguration;
			buildSettings = {
				ALWAYS_SEARCH_USER_PATHS = NO;
				CLANG_ANALYZER_NONNULL = YES;
				CLANG_ANALYZER_NUMBER_OBJECT_CONVERSION = YES_AGGRESSIVE;
				CLANG_CXX_LANGUAGE_STANDARD = "gnu++14";
				CLANG_CXX_LIBRARY = "libc++";
				CLANG_ENABLE_MODULES = YES;
				CLANG_ENABLE_OBJC_ARC = YES;
				CLANG_ENABLE_OBJC_WEAK = YES;
				CLANG_WARN_BLOCK_CAPTURE_AUTORELEASING = YES;
				CLANG_WARN_BOOL_CONVERSION = YES;
				CLANG_WARN_COMMA = YES;
				CLANG_WARN_CONSTANT_CONVERSION = YES;
				CLANG_WARN_DEPRECATED_OBJC_IMPLEMENTATIONS = YES;
				CLANG_WARN_DIRECT_OBJC_ISA_USAGE = YES_ERROR;
				CLANG_WARN_DOCUMENTATION_COMMENTS = YES;
				CLANG_WARN_EMPTY_BODY = YES;
				CLANG_WARN_ENUM_CONVERSION = YES;
				CLANG_WARN_INFINITE_RECURSION = YES;
				CLANG_WARN_INT_CONVERSION = YES;
				CLANG_WARN_NON_LITERAL_NULL_CONVERSION = YES;
				CLANG_WARN_OBJC_IMPLICIT_RETAIN_SELF = YES;
				CLANG_WARN_OBJC_LITERAL_CONVERSION = YES;
				CLANG_WARN_OBJC_ROOT_CLASS = YES_ERROR;
				CLANG_WARN_QUOTED_INCLUDE_IN_FRAMEWORK_HEADER = YES;
				CLANG_WARN_RANGE_LOOP_ANALYSIS = YES;
				CLANG_WARN_STRICT_PROTOTYPES = YES;
				CLANG_WARN_SUSPICIOUS_MOVE = YES;
				CLANG_WARN_UNGUARDED_AVAILABILITY = YES_AGGRESSIVE;
				CLANG_WARN_UNREACHABLE_CODE = YES;
				CLANG_WARN__DUPLICATE_METHOD_MATCH = YES;
				COPY_PHASE_STRIP = NO;
				DEBUG_INFORMATION_FORMAT = "dwarf-with-dsym";
				ENABLE_NS_ASSERTIONS = NO;
				ENABLE_STRICT_OBJC_MSGSEND = YES;
				GCC_C_LANGUAGE_STANDARD = gnu11;
				GCC_NO_COMMON_BLOCKS = YES;
				GCC_WARN_64_TO_32_BIT_CONVERSION = YES;
				GCC_WARN_ABOUT_RETURN_TYPE = YES_ERROR;
				GCC_WARN_UNDECLARED_SELECTOR = YES;
				GCC_WARN_UNINITIALIZED_AUTOS = YES_AGGRESSIVE;
				GCC_WARN_UNUSED_FUNCTION = YES;
				GCC_WARN_UNUSED_VARIABLE = YES;
				IPHONEOS_DEPLOYMENT_TARGET = 14.5;
				MTL_ENABLE_DEBUG_INFO = NO;
				MTL_FAST_MATH = YES;
				SDKROOT = iphoneos;
				SWIFT_COMPILATION_MODE = wholemodule;
				SWIFT_OPTIMIZATION_LEVEL = "-O";
				VALIDATE_PRODUCT = YES;
			};
			name = Release;
		};
		D8B5C5C8290710E000F70FEB /* Debug */ = {
			isa = XCBuildConfiguration;
			baseConfigurationReference = B5540330485B81FB15D206BA /* Pods-studiosol-SSBOOK.debug.xcconfig */;
			buildSettings = {
				ASSETCATALOG_COMPILER_APPICON_NAME = AppIcon;
				ASSETCATALOG_COMPILER_GLOBAL_ACCENT_COLOR_NAME = AccentColor;
				CODE_SIGN_STYLE = Automatic;
				INFOPLIST_FILE = "studiosol-SSBOOK/Info.plist";
				LD_RUNPATH_SEARCH_PATHS = (
					"$(inherited)",
					"@executable_path/Frameworks",
				);
				PRODUCT_BUNDLE_IDENTIFIER = "br.com.cassios.studiosol-SSBOOK";
				PRODUCT_NAME = "$(TARGET_NAME)";
				SWIFT_VERSION = 5.0;
				TARGETED_DEVICE_FAMILY = "1,2";
			};
			name = Debug;
		};
		D8B5C5C9290710E000F70FEB /* Release */ = {
			isa = XCBuildConfiguration;
			baseConfigurationReference = 0622D841774A5087EB5775B1 /* Pods-studiosol-SSBOOK.release.xcconfig */;
			buildSettings = {
				ASSETCATALOG_COMPILER_APPICON_NAME = AppIcon;
				ASSETCATALOG_COMPILER_GLOBAL_ACCENT_COLOR_NAME = AccentColor;
				CODE_SIGN_STYLE = Automatic;
				INFOPLIST_FILE = "studiosol-SSBOOK/Info.plist";
				LD_RUNPATH_SEARCH_PATHS = (
					"$(inherited)",
					"@executable_path/Frameworks",
				);
				PRODUCT_BUNDLE_IDENTIFIER = "br.com.cassios.studiosol-SSBOOK";
				PRODUCT_NAME = "$(TARGET_NAME)";
				SWIFT_VERSION = 5.0;
				TARGETED_DEVICE_FAMILY = "1,2";
			};
			name = Release;
		};
/* End XCBuildConfiguration section */

/* Begin XCConfigurationList section */
		D8B5C5AE290710DD00F70FEB /* Build configuration list for PBXProject "studiosol-SSBOOK" */ = {
			isa = XCConfigurationList;
			buildConfigurations = (
				D8B5C5C5290710E000F70FEB /* Debug */,
				D8B5C5C6290710E000F70FEB /* Release */,
			);
			defaultConfigurationIsVisible = 0;
			defaultConfigurationName = Release;
		};
		D8B5C5C7290710E000F70FEB /* Build configuration list for PBXNativeTarget "studiosol-SSBOOK" */ = {
			isa = XCConfigurationList;
			buildConfigurations = (
				D8B5C5C8290710E000F70FEB /* Debug */,
				D8B5C5C9290710E000F70FEB /* Release */,
			);
			defaultConfigurationIsVisible = 0;
			defaultConfigurationName = Release;
		};
/* End XCConfigurationList section */
	};
	rootObject = D8B5C5AB290710DD00F70FEB /* Project object */;
}
